
Microsoft Visual Studio Solution File, Format Version 12.00
# Visual Studio Version 17
VisualStudioVersion = 17.8.34408.163
MinimumVisualStudioVersion = 10.0.40219.1
Project("{FAE04EC0-301F-11D3-BF4B-00C04F79EFBC}") = "TuyenDung_TimViec", "TuyenDung_TimViec.csproj", "{1D324838-72F8-4B28-AE14-DC64A00C7E78}"
EndProject
Global
	GlobalSection(SolutionConfigurationPlatforms) = preSolution
		Debug|Any CPU = Debug|Any CPU
		Release|Any CPU = Release|Any CPU
	EndGlobalSection
	GlobalSection(ProjectConfigurationPlatforms) = postSolution
		{1D324838-72F8-4B28-AE14-DC64A00C7E78}.Debug|Any CPU.ActiveCfg = Debug|Any CPU
		{1D324838-72F8-4B28-AE14-DC64A00C7E78}.Debug|Any CPU.Build.0 = Debug|Any CPU
		{1D324838-72F8-4B28-AE14-DC64A00C7E78}.Release|Any CPU.ActiveCfg = Release|Any CPU
		{1D324838-72F8-4B28-AE14-DC64A00C7E78}.Release|Any CPU.Build.0 = Release|Any CPU
	EndGlobalSection
	GlobalSection(SolutionProperties) = preSolution
		HideSolutionNode = FALSE
	EndGlobalSection
	GlobalSection(ExtensibilityGlobals) = postSolution
		SolutionGuid = {5CBA9071-E831-4C28-9236-3F280AEFB37C}
	EndGlobalSection
EndGlobal
